{
  "version": 4,
  "terraform_version": "1.3.7",
  "serial": 18,
  "lineage": "39916099-f50c-8fbb-63e9-4cb7bbb63f33",
  "outputs": {
    "cluster_ca_certificate": {
      "value": "LS0tLS1CRUdJTiBDRVJUSUZJQ0FURS0tLS0tCk1JSUVMRENDQXBTZ0F3SUJBZ0lRRHV3WG9tZWQ0TzRNQkd2b01wRlBiVEFOQmdrcWhraUc5dzBCQVFzRkFEQXYKTVMwd0t3WURWUVFERXlRME9EQmlaVEV3TXkxak1UaGhMVFJsTWpFdE9HRTFZUzA1WWpZM01HUTVZalUwTkRndwpJQmNOTWpNd01qQXpNVFV6T1RJNVdoZ1BNakExTXpBeE1qWXhOak01TWpsYU1DOHhMVEFyQmdOVkJBTVRKRFE0Ck1HSmxNVEF6TFdNeE9HRXROR1V5TVMwNFlUVmhMVGxpTmpjd1pEbGlOVFEwT0RDQ0FhSXdEUVlKS29aSWh2Y04KQVFFQkJRQURnZ0dQQURDQ0FZb0NnZ0dCQUpwSiswcHhyUWRucnQ2N1UzY2J6Skp2eUVma2NXNlJORDJ1UExMKwpJaTdPZTBDRnA2OEx5SG8yUi8xTXdBKzAwUDgvVHBuZFdmQUZzYkttZUx5bG1HcjBmTkR3NUVRM2F3em5vdFE4CkV2emVKeHNiTEk1OGNYT1JlV2cxYzNTVnFYVTJxMlBncktEekx4dDRiVnNsUW1PdEc4NU9nWXRmN0VvbDNvbVQKdVNXNCtjNXBjSXRzYnFJdjZERGVmYmY2M0JoSTJya3IveXU0cm9CMjRaMXJJYXFFLzNSbzQ1ZmZ0K0x2SENMUgp0SEhMZmpRRzd2ckt1ZVU5ZncrNDVpa3NzbHpueVBBaTdUYmhXRmR1NFhITzh0YTN1V3RuVURWL2UxdlBGMm1zCll5ZEltWDhZTUlPY3hoaWxHWTFGdEpva0I5c09zTWxDMDFPOFhDY3R0Wnpob2tsbEtranpVKzM2OUV5ZVlvM0sKVEN2VDhJTnV5UjZaeWlzdGI1UU81dmNUN1BVeUZXNkcrY2pZalpwVk5idkJVSmM5MG5rODZlU29JYkpVUjgzWQpaUHJicERMdGNqQnI1VVc5cHp3TG5aakUvdGZzaEVpdEsxMjJ5bFpVeHR0MzUyelpCYXQ2V1l4dFFyVkg5emNjCjNjRFhRL2h3dEEydFk5NnFCM05seEVHa3Z3SURBUUFCbzBJd1FEQU9CZ05WSFE4QkFmOEVCQU1DQWdRd0R3WUQKVlIwVEFRSC9CQVV3QXdFQi96QWRCZ05WSFE0RUZnUVU5Nmw1TFJONzNZTzZjMGZTTWtPdU44eEg5MXd3RFFZSgpLb1pJaHZjTkFRRUxCUUFEZ2dHQkFKbForWTlTejFwV3FUS094WEh0a0E1MEkrRzNpY0pSMGNZTExRWFFCN1FPCnJOTEh4dTZjWEFwcmU2blgybjVnVjVrUHdnMWtmQnhNY3lYMHpBaXdxSmszRzBnUi9ReWx2cWljSWZjNWZjUXQKbVRFczhHMWV1cnVaUm02SEE0dVdnL2pmMGxsT0FVYXBTRFpSUWlmVmR1UHlPTnh6bXU0QTNkOWJ6QWJVWCsxVQpTWnRvcDNKVGMxZlIrUitBZWNDZlNValdxZUs5SVprZHVGSGxiaTl3dWVYRHl5RXBTbWRzeVpOMkJOekUrQlBMCmRvTjZicEs5emhJWmdKNHJkS1NuRXdqMUFJYmxvMklEWlJ1QTJNWEszdmVnSTk5MXd1M0Rsc1FTRG9Uc29kMmsKZjdUdU9kYjNzNmJmNU04ejEwTUJCNG9hSFpFVVZ4WnRsYzRuVUlsK0JiZ2ExM1pBT2NmK1RnNFMzUVk1QmRxeQpwRnBrdE5LV3JXbndLTy9xNmlhcnhQMU1SaUl6TEQ1MjB1QUF1c2E4cHRNWm5jck5xVktuN05LT01hRytUTEphCmpNYVdWK25qbzl5TkdzYWxVTFBlQXhUT0tta3pFekdURm91SkxDdmh2TTQxZDNtaTRnSkRQNXRUbkRsTXhjTmEKS0pBS3M5QklZdTd6M0pSbzlUTDdqUT09Ci0tLS0tRU5EIENFUlRJRklDQVRFLS0tLS0K",
      "type": "string"
    },
    "cluster_ip": {
      "value": "34.91.10.56",
      "type": "string"
    },
    "cluster_name": {
      "value": "nomadic-mesh-376709-gke",
      "type": "string"
    },
    "vpc_ip": {
      "value": {
        "subnet_id": "projects/nomadic-mesh-376709/regions/europe-west4/subnetworks/nomadic-mesh-376709-subnet",
        "vpc_id": "projects/nomadic-mesh-376709/global/networks/nomadic-mesh-376709-vpc"
      },
      "type": [
        "object",
        {
          "subnet_id": "string",
          "vpc_id": "string"
        }
      ]
    }
  },
  "resources": [
    {
      "mode": "managed",
      "type": "local_file",
      "name": "cluster_ca_certificate",
      "provider": "provider[\"registry.terraform.io/hashicorp/local\"]",
      "instances": [
        {
          "schema_version": 0,
          "attributes": {
            "content": "LS0tLS1CRUdJTiBDRVJUSUZJQ0FURS0tLS0tCk1JSUVMRENDQXBTZ0F3SUJBZ0lRRHV3WG9tZWQ0TzRNQkd2b01wRlBiVEFOQmdrcWhraUc5dzBCQVFzRkFEQXYKTVMwd0t3WURWUVFERXlRME9EQmlaVEV3TXkxak1UaGhMVFJsTWpFdE9HRTFZUzA1WWpZM01HUTVZalUwTkRndwpJQmNOTWpNd01qQXpNVFV6T1RJNVdoZ1BNakExTXpBeE1qWXhOak01TWpsYU1DOHhMVEFyQmdOVkJBTVRKRFE0Ck1HSmxNVEF6TFdNeE9HRXROR1V5TVMwNFlUVmhMVGxpTmpjd1pEbGlOVFEwT0RDQ0FhSXdEUVlKS29aSWh2Y04KQVFFQkJRQURnZ0dQQURDQ0FZb0NnZ0dCQUpwSiswcHhyUWRucnQ2N1UzY2J6Skp2eUVma2NXNlJORDJ1UExMKwpJaTdPZTBDRnA2OEx5SG8yUi8xTXdBKzAwUDgvVHBuZFdmQUZzYkttZUx5bG1HcjBmTkR3NUVRM2F3em5vdFE4CkV2emVKeHNiTEk1OGNYT1JlV2cxYzNTVnFYVTJxMlBncktEekx4dDRiVnNsUW1PdEc4NU9nWXRmN0VvbDNvbVQKdVNXNCtjNXBjSXRzYnFJdjZERGVmYmY2M0JoSTJya3IveXU0cm9CMjRaMXJJYXFFLzNSbzQ1ZmZ0K0x2SENMUgp0SEhMZmpRRzd2ckt1ZVU5ZncrNDVpa3NzbHpueVBBaTdUYmhXRmR1NFhITzh0YTN1V3RuVURWL2UxdlBGMm1zCll5ZEltWDhZTUlPY3hoaWxHWTFGdEpva0I5c09zTWxDMDFPOFhDY3R0Wnpob2tsbEtranpVKzM2OUV5ZVlvM0sKVEN2VDhJTnV5UjZaeWlzdGI1UU81dmNUN1BVeUZXNkcrY2pZalpwVk5idkJVSmM5MG5rODZlU29JYkpVUjgzWQpaUHJicERMdGNqQnI1VVc5cHp3TG5aakUvdGZzaEVpdEsxMjJ5bFpVeHR0MzUyelpCYXQ2V1l4dFFyVkg5emNjCjNjRFhRL2h3dEEydFk5NnFCM05seEVHa3Z3SURBUUFCbzBJd1FEQU9CZ05WSFE4QkFmOEVCQU1DQWdRd0R3WUQKVlIwVEFRSC9CQVV3QXdFQi96QWRCZ05WSFE0RUZnUVU5Nmw1TFJONzNZTzZjMGZTTWtPdU44eEg5MXd3RFFZSgpLb1pJaHZjTkFRRUxCUUFEZ2dHQkFKbForWTlTejFwV3FUS094WEh0a0E1MEkrRzNpY0pSMGNZTExRWFFCN1FPCnJOTEh4dTZjWEFwcmU2blgybjVnVjVrUHdnMWtmQnhNY3lYMHpBaXdxSmszRzBnUi9ReWx2cWljSWZjNWZjUXQKbVRFczhHMWV1cnVaUm02SEE0dVdnL2pmMGxsT0FVYXBTRFpSUWlmVmR1UHlPTnh6bXU0QTNkOWJ6QWJVWCsxVQpTWnRvcDNKVGMxZlIrUitBZWNDZlNValdxZUs5SVprZHVGSGxiaTl3dWVYRHl5RXBTbWRzeVpOMkJOekUrQlBMCmRvTjZicEs5emhJWmdKNHJkS1NuRXdqMUFJYmxvMklEWlJ1QTJNWEszdmVnSTk5MXd1M0Rsc1FTRG9Uc29kMmsKZjdUdU9kYjNzNmJmNU04ejEwTUJCNG9hSFpFVVZ4WnRsYzRuVUlsK0JiZ2ExM1pBT2NmK1RnNFMzUVk1QmRxeQpwRnBrdE5LV3JXbndLTy9xNmlhcnhQMU1SaUl6TEQ1MjB1QUF1c2E4cHRNWm5jck5xVktuN05LT01hRytUTEphCmpNYVdWK25qbzl5TkdzYWxVTFBlQXhUT0tta3pFekdURm91SkxDdmh2TTQxZDNtaTRnSkRQNXRUbkRsTXhjTmEKS0pBS3M5QklZdTd6M0pSbzlUTDdqUT09Ci0tLS0tRU5EIENFUlRJRklDQVRFLS0tLS0K",
            "content_base64": null,
            "directory_permission": "0777",
            "file_permission": "0777",
            "filename": "../cluster_ca_certificate.txt",
            "id": "6f211cd77ef739e2cbdd59f03b362ad3fe000ea1",
            "sensitive_content": null,
            "source": null
          },
          "sensitive_attributes": [],
          "dependencies": [
            "module.gcp-google-kubernetes-engine.google_container_cluster.gke",
            "module.gcp-vpc.google_compute_network.vpc",
            "module.gcp-vpc.google_compute_subnetwork.subnet"
          ]
        }
      ]
    },
    {
      "mode": "managed",
      "type": "local_file",
      "name": "cluster_ip_file",
      "provider": "provider[\"registry.terraform.io/hashicorp/local\"]",
      "instances": [
        {
          "schema_version": 0,
          "attributes": {
            "content": "34.91.10.56",
            "content_base64": null,
            "directory_permission": "0777",
            "file_permission": "0777",
            "filename": "../cluster_ip.txt",
            "id": "c51cc502daa4c935bf091b7e80b604148104e878",
            "sensitive_content": null,
            "source": null
          },
          "sensitive_attributes": [],
          "dependencies": [
            "module.gcp-google-kubernetes-engine.google_container_cluster.gke",
            "module.gcp-vpc.google_compute_network.vpc",
            "module.gcp-vpc.google_compute_subnetwork.subnet"
          ]
        }
      ]
    },
    {
      "module": "module.gcp-google-cloud-registry",
      "mode": "managed",
      "type": "google_container_registry",
      "name": "whanos_gcr",
      "provider": "provider[\"registry.terraform.io/hashicorp/google\"]",
      "instances": [
        {
          "schema_version": 0,
          "attributes": {
            "bucket_self_link": "https://www.googleapis.com/storage/v1/b/eu.artifacts.nomadic-mesh-376709.appspot.com",
            "id": "eu.artifacts.nomadic-mesh-376709.appspot.com",
            "location": "EU",
            "project": "nomadic-mesh-376709"
          },
          "sensitive_attributes": [],
          "private": "bnVsbA=="
        }
      ]
    },
    {
      "module": "module.gcp-google-kubernetes-engine",
      "mode": "managed",
      "type": "google_container_cluster",
      "name": "gke",
      "provider": "provider[\"registry.terraform.io/hashicorp/google\"]",
      "instances": [
        {
          "schema_version": 1,
          "attributes": {
            "addons_config": [
              {
                "cloudrun_config": [],
                "config_connector_config": [],
                "dns_cache_config": [],
                "gce_persistent_disk_csi_driver_config": [
                  {
                    "enabled": true
                  }
                ],
                "gcp_filestore_csi_driver_config": [],
                "gke_backup_agent_config": [],
                "horizontal_pod_autoscaling": [],
                "http_load_balancing": [],
                "network_policy_config": [
                  {
                    "disabled": true
                  }
                ]
              }
            ],
            "authenticator_groups_config": [],
            "binary_authorization": [
              {
                "enabled": false,
                "evaluation_mode": ""
              }
            ],
            "cluster_autoscaling": [
              {
                "auto_provisioning_defaults": [],
                "enabled": false,
                "resource_limits": []
              }
            ],
            "cluster_ipv4_cidr": "10.116.0.0/14",
            "confidential_nodes": [],
            "cost_management_config": [],
            "database_encryption": [
              {
                "key_name": "",
                "state": "DECRYPTED"
              }
            ],
            "datapath_provider": "",
            "default_max_pods_per_node": null,
            "default_snat_status": [
              {
                "disabled": false
              }
            ],
            "description": "",
            "dns_config": [],
            "enable_autopilot": false,
            "enable_binary_authorization": false,
            "enable_intranode_visibility": false,
            "enable_kubernetes_alpha": false,
            "enable_l4_ilb_subsetting": false,
            "enable_legacy_abac": false,
            "enable_shielded_nodes": true,
            "enable_tpu": false,
            "endpoint": "34.91.10.56",
            "gateway_api_config": [],
            "id": "projects/nomadic-mesh-376709/locations/europe-west4/clusters/nomadic-mesh-376709-gke",
            "initial_node_count": 1,
            "ip_allocation_policy": [],
            "label_fingerprint": "a9dc16a7",
            "location": "europe-west4",
            "logging_config": [
              {
                "enable_components": [
                  "SYSTEM_COMPONENTS",
                  "WORKLOADS"
                ]
              }
            ],
            "logging_service": "logging.googleapis.com/kubernetes",
            "maintenance_policy": [],
            "master_auth": [
              {
                "client_certificate": "",
                "client_certificate_config": [
                  {
                    "issue_client_certificate": false
                  }
                ],
                "client_key": "",
                "cluster_ca_certificate": "LS0tLS1CRUdJTiBDRVJUSUZJQ0FURS0tLS0tCk1JSUVMRENDQXBTZ0F3SUJBZ0lRRHV3WG9tZWQ0TzRNQkd2b01wRlBiVEFOQmdrcWhraUc5dzBCQVFzRkFEQXYKTVMwd0t3WURWUVFERXlRME9EQmlaVEV3TXkxak1UaGhMVFJsTWpFdE9HRTFZUzA1WWpZM01HUTVZalUwTkRndwpJQmNOTWpNd01qQXpNVFV6T1RJNVdoZ1BNakExTXpBeE1qWXhOak01TWpsYU1DOHhMVEFyQmdOVkJBTVRKRFE0Ck1HSmxNVEF6TFdNeE9HRXROR1V5TVMwNFlUVmhMVGxpTmpjd1pEbGlOVFEwT0RDQ0FhSXdEUVlKS29aSWh2Y04KQVFFQkJRQURnZ0dQQURDQ0FZb0NnZ0dCQUpwSiswcHhyUWRucnQ2N1UzY2J6Skp2eUVma2NXNlJORDJ1UExMKwpJaTdPZTBDRnA2OEx5SG8yUi8xTXdBKzAwUDgvVHBuZFdmQUZzYkttZUx5bG1HcjBmTkR3NUVRM2F3em5vdFE4CkV2emVKeHNiTEk1OGNYT1JlV2cxYzNTVnFYVTJxMlBncktEekx4dDRiVnNsUW1PdEc4NU9nWXRmN0VvbDNvbVQKdVNXNCtjNXBjSXRzYnFJdjZERGVmYmY2M0JoSTJya3IveXU0cm9CMjRaMXJJYXFFLzNSbzQ1ZmZ0K0x2SENMUgp0SEhMZmpRRzd2ckt1ZVU5ZncrNDVpa3NzbHpueVBBaTdUYmhXRmR1NFhITzh0YTN1V3RuVURWL2UxdlBGMm1zCll5ZEltWDhZTUlPY3hoaWxHWTFGdEpva0I5c09zTWxDMDFPOFhDY3R0Wnpob2tsbEtranpVKzM2OUV5ZVlvM0sKVEN2VDhJTnV5UjZaeWlzdGI1UU81dmNUN1BVeUZXNkcrY2pZalpwVk5idkJVSmM5MG5rODZlU29JYkpVUjgzWQpaUHJicERMdGNqQnI1VVc5cHp3TG5aakUvdGZzaEVpdEsxMjJ5bFpVeHR0MzUyelpCYXQ2V1l4dFFyVkg5emNjCjNjRFhRL2h3dEEydFk5NnFCM05seEVHa3Z3SURBUUFCbzBJd1FEQU9CZ05WSFE4QkFmOEVCQU1DQWdRd0R3WUQKVlIwVEFRSC9CQVV3QXdFQi96QWRCZ05WSFE0RUZnUVU5Nmw1TFJONzNZTzZjMGZTTWtPdU44eEg5MXd3RFFZSgpLb1pJaHZjTkFRRUxCUUFEZ2dHQkFKbForWTlTejFwV3FUS094WEh0a0E1MEkrRzNpY0pSMGNZTExRWFFCN1FPCnJOTEh4dTZjWEFwcmU2blgybjVnVjVrUHdnMWtmQnhNY3lYMHpBaXdxSmszRzBnUi9ReWx2cWljSWZjNWZjUXQKbVRFczhHMWV1cnVaUm02SEE0dVdnL2pmMGxsT0FVYXBTRFpSUWlmVmR1UHlPTnh6bXU0QTNkOWJ6QWJVWCsxVQpTWnRvcDNKVGMxZlIrUitBZWNDZlNValdxZUs5SVprZHVGSGxiaTl3dWVYRHl5RXBTbWRzeVpOMkJOekUrQlBMCmRvTjZicEs5emhJWmdKNHJkS1NuRXdqMUFJYmxvMklEWlJ1QTJNWEszdmVnSTk5MXd1M0Rsc1FTRG9Uc29kMmsKZjdUdU9kYjNzNmJmNU04ejEwTUJCNG9hSFpFVVZ4WnRsYzRuVUlsK0JiZ2ExM1pBT2NmK1RnNFMzUVk1QmRxeQpwRnBrdE5LV3JXbndLTy9xNmlhcnhQMU1SaUl6TEQ1MjB1QUF1c2E4cHRNWm5jck5xVktuN05LT01hRytUTEphCmpNYVdWK25qbzl5TkdzYWxVTFBlQXhUT0tta3pFekdURm91SkxDdmh2TTQxZDNtaTRnSkRQNXRUbkRsTXhjTmEKS0pBS3M5QklZdTd6M0pSbzlUTDdqUT09Ci0tLS0tRU5EIENFUlRJRklDQVRFLS0tLS0K"
              }
            ],
            "master_authorized_networks_config": [],
            "master_version": "1.24.8-gke.2000",
            "mesh_certificates": [],
            "min_master_version": null,
            "monitoring_config": [
              {
                "enable_components": [
                  "SYSTEM_COMPONENTS"
                ],
                "managed_prometheus": []
              }
            ],
            "monitoring_service": "monitoring.googleapis.com/kubernetes",
            "name": "nomadic-mesh-376709-gke",
            "network": "projects/nomadic-mesh-376709/global/networks/nomadic-mesh-376709-vpc",
            "network_policy": [
              {
                "enabled": false,
                "provider": "PROVIDER_UNSPECIFIED"
              }
            ],
            "networking_mode": "ROUTES",
            "node_config": [],
            "node_locations": [
              "europe-west4-a",
              "europe-west4-b",
              "europe-west4-c"
            ],
            "node_pool": [],
            "node_pool_defaults": [
              {
                "node_config_defaults": [
                  {
                    "logging_variant": "DEFAULT"
                  }
                ]
              }
            ],
            "node_version": "1.24.8-gke.2000",
            "notification_config": [
              {
                "pubsub": [
                  {
                    "enabled": false,
                    "filter": [],
                    "topic": ""
                  }
                ]
              }
            ],
            "operation": null,
            "private_cluster_config": [
              {
                "enable_private_endpoint": false,
                "enable_private_nodes": false,
                "master_global_access_config": [
                  {
                    "enabled": false
                  }
                ],
                "master_ipv4_cidr_block": "",
                "peering_name": "",
                "private_endpoint": "10.10.0.2",
                "private_endpoint_subnetwork": "",
                "public_endpoint": "34.91.10.56"
              }
            ],
            "private_ipv6_google_access": "",
            "project": "nomadic-mesh-376709",
            "release_channel": [
              {
                "channel": "REGULAR"
              }
            ],
            "remove_default_node_pool": true,
            "resource_labels": {},
            "resource_usage_export_config": [],
            "self_link": "https://container.googleapis.com/v1/projects/nomadic-mesh-376709/locations/europe-west4/clusters/nomadic-mesh-376709-gke",
            "service_external_ips_config": [
              {
                "enabled": false
              }
            ],
            "services_ipv4_cidr": "10.119.240.0/20",
            "subnetwork": "projects/nomadic-mesh-376709/regions/europe-west4/subnetworks/nomadic-mesh-376709-subnet",
            "timeouts": null,
            "tpu_ipv4_cidr_block": "",
            "vertical_pod_autoscaling": [],
            "workload_identity_config": []
          },
          "sensitive_attributes": [],
          "private": "eyJlMmJmYjczMC1lY2FhLTExZTYtOGY4OC0zNDM2M2JjN2M0YzAiOnsiY3JlYXRlIjoyNDAwMDAwMDAwMDAwLCJkZWxldGUiOjI0MDAwMDAwMDAwMDAsInJlYWQiOjI0MDAwMDAwMDAwMDAsInVwZGF0ZSI6MzYwMDAwMDAwMDAwMH0sInNjaGVtYV92ZXJzaW9uIjoiMSJ9",
          "dependencies": [
            "module.gcp-vpc.google_compute_network.vpc",
            "module.gcp-vpc.google_compute_subnetwork.subnet"
          ]
        }
      ]
    },
    {
      "module": "module.gcp-google-kubernetes-engine",
      "mode": "managed",
      "type": "google_container_node_pool",
      "name": "gke_node_pool",
      "provider": "provider[\"registry.terraform.io/hashicorp/google\"]",
      "instances": [
        {
          "status": "tainted",
          "schema_version": 1,
          "attributes": {
            "autoscaling": [],
            "cluster": "nomadic-mesh-376709-gke",
            "id": "projects/nomadic-mesh-376709/locations/europe-west4/clusters/nomadic-mesh-376709-gke/nodePools/nomadic-mesh-376709-gke",
            "initial_node_count": null,
            "instance_group_urls": null,
            "location": "europe-west4",
            "managed_instance_group_urls": null,
            "management": null,
            "max_pods_per_node": null,
            "name": "nomadic-mesh-376709-gke",
            "name_prefix": null,
            "network_config": null,
            "node_config": [
              {
                "boot_disk_kms_key": "",
                "disk_size_gb": 0,
                "disk_type": "",
                "gcfs_config": [],
                "guest_accelerator": [],
                "gvnic": [],
                "image_type": "",
                "kubelet_config": [],
                "labels": {
                  "env": "nomadic-mesh-376709"
                },
                "linux_node_config": [],
                "local_ssd_count": 0,
                "logging_variant": "DEFAULT",
                "machine_type": "e2-micro",
                "metadata": {
                  "disable-legacy-endpoints": "true"
                },
                "min_cpu_platform": "",
                "node_group": "",
                "oauth_scopes": [
                  "https://www.googleapis.com/auth/devstorage.read_only",
                  "https://www.googleapis.com/auth/logging.write",
                  "https://www.googleapis.com/auth/monitoring",
                  "https://www.googleapis.com/auth/service.management.readonly",
                  "https://www.googleapis.com/auth/servicecontrol",
                  "https://www.googleapis.com/auth/trace.append"
                ],
                "preemptible": false,
                "reservation_affinity": [],
                "resource_labels": null,
                "service_account": "",
                "shielded_instance_config": [],
                "spot": true,
                "tags": [
                  "nomadic-mesh-376709",
                  "gke-node"
                ],
                "taint": [],
                "workload_metadata_config": []
              }
            ],
            "node_count": 2,
            "node_locations": [],
            "operation": null,
            "placement_policy": [],
            "project": null,
            "timeouts": null,
            "upgrade_settings": null,
            "version": null
          },
          "sensitive_attributes": [],
          "private": "eyJlMmJmYjczMC1lY2FhLTExZTYtOGY4OC0zNDM2M2JjN2M0YzAiOnsiY3JlYXRlIjoxODAwMDAwMDAwMDAwLCJkZWxldGUiOjE4MDAwMDAwMDAwMDAsInVwZGF0ZSI6MTgwMDAwMDAwMDAwMH0sInNjaGVtYV92ZXJzaW9uIjoiMSJ9",
          "dependencies": [
            "module.gcp-google-kubernetes-engine.google_container_cluster.gke"
          ]
        }
      ]
    },
    {
      "module": "module.gcp-vpc",
      "mode": "managed",
      "type": "google_compute_network",
      "name": "vpc",
      "provider": "provider[\"registry.terraform.io/hashicorp/google\"]",
      "instances": [
        {
          "schema_version": 0,
          "attributes": {
            "auto_create_subnetworks": false,
            "delete_default_routes_on_create": false,
            "description": "",
            "enable_ula_internal_ipv6": false,
            "gateway_ipv4": "",
            "id": "projects/nomadic-mesh-376709/global/networks/nomadic-mesh-376709-vpc",
            "internal_ipv6_range": "",
            "mtu": 0,
            "name": "nomadic-mesh-376709-vpc",
            "project": "nomadic-mesh-376709",
            "routing_mode": "REGIONAL",
            "self_link": "https://www.googleapis.com/compute/v1/projects/nomadic-mesh-376709/global/networks/nomadic-mesh-376709-vpc",
            "timeouts": null
          },
          "sensitive_attributes": [],
          "private": "eyJlMmJmYjczMC1lY2FhLTExZTYtOGY4OC0zNDM2M2JjN2M0YzAiOnsiY3JlYXRlIjoxMjAwMDAwMDAwMDAwLCJkZWxldGUiOjEyMDAwMDAwMDAwMDAsInVwZGF0ZSI6MTIwMDAwMDAwMDAwMH19"
        }
      ]
    },
    {
      "module": "module.gcp-vpc",
      "mode": "managed",
      "type": "google_compute_subnetwork",
      "name": "subnet",
      "provider": "provider[\"registry.terraform.io/hashicorp/google\"]",
      "instances": [
        {
          "schema_version": 0,
          "attributes": {
            "creation_timestamp": "2023-02-03T08:39:08.092-08:00",
            "description": "",
            "external_ipv6_prefix": "",
            "fingerprint": null,
            "gateway_address": "10.10.0.1",
            "id": "projects/nomadic-mesh-376709/regions/europe-west4/subnetworks/nomadic-mesh-376709-subnet",
            "ip_cidr_range": "10.10.0.0/24",
            "ipv6_access_type": "",
            "ipv6_cidr_range": "",
            "log_config": [],
            "name": "nomadic-mesh-376709-subnet",
            "network": "https://www.googleapis.com/compute/v1/projects/nomadic-mesh-376709/global/networks/nomadic-mesh-376709-vpc",
            "private_ip_google_access": true,
            "private_ipv6_google_access": "DISABLE_GOOGLE_ACCESS",
            "project": "nomadic-mesh-376709",
            "purpose": "PRIVATE",
            "region": "europe-west4",
            "role": "",
            "secondary_ip_range": [],
            "self_link": "https://www.googleapis.com/compute/v1/projects/nomadic-mesh-376709/regions/europe-west4/subnetworks/nomadic-mesh-376709-subnet",
            "stack_type": "IPV4_ONLY",
            "timeouts": null
          },
          "sensitive_attributes": [],
          "private": "eyJlMmJmYjczMC1lY2FhLTExZTYtOGY4OC0zNDM2M2JjN2M0YzAiOnsiY3JlYXRlIjoxMjAwMDAwMDAwMDAwLCJkZWxldGUiOjEyMDAwMDAwMDAwMDAsInVwZGF0ZSI6MTIwMDAwMDAwMDAwMH19",
          "dependencies": [
            "module.gcp-vpc.google_compute_network.vpc"
          ]
        }
      ]
    }
  ],
  "check_results": null
}
